
Microsoft Visual Studio Solution File, Format Version 12.00
# Visual Studio Version 16
VisualStudioVersion = 16.0.31205.134
MinimumVisualStudioVersion = 10.0.40219.1
Project("{FAE04EC0-301F-11D3-BF4B-00C04F79EFBC}") = "CalculatorDivideException", "CalculatorDivideException\CalculatorDivideException.csproj", "{F2C1B1F6-0325-4BEF-8370-6BDE1BAD5893}"
EndProject
Project("{FAE04EC0-301F-11D3-BF4B-00C04F79EFBC}") = "CalcularDivideTest", "CalcularDivideTest\CalcularDivideTest.csproj", "{919C840F-E9FC-47AF-ADBA-825AD1D4131C}"
EndProject
Global
	GlobalSection(SolutionConfigurationPlatforms) = preSolution
		Debug|Any CPU = Debug|Any CPU
		Release|Any CPU = Release|Any CPU
	EndGlobalSection
	GlobalSection(ProjectConfigurationPlatforms) = postSolution
		{F2C1B1F6-0325-4BEF-8370-6BDE1BAD5893}.Debug|Any CPU.ActiveCfg = Debug|Any CPU
		{F2C1B1F6-0325-4BEF-8370-6BDE1BAD5893}.Debug|Any CPU.Build.0 = Debug|Any CPU
		{F2C1B1F6-0325-4BEF-8370-6BDE1BAD5893}.Release|Any CPU.ActiveCfg = Release|Any CPU
		{F2C1B1F6-0325-4BEF-8370-6BDE1BAD5893}.Release|Any CPU.Build.0 = Release|Any CPU
		{919C840F-E9FC-47AF-ADBA-825AD1D4131C}.Debug|Any CPU.ActiveCfg = Debug|Any CPU
		{919C840F-E9FC-47AF-ADBA-825AD1D4131C}.Debug|Any CPU.Build.0 = Debug|Any CPU
		{919C840F-E9FC-47AF-ADBA-825AD1D4131C}.Release|Any CPU.ActiveCfg = Release|Any CPU
		{919C840F-E9FC-47AF-ADBA-825AD1D4131C}.Release|Any CPU.Build.0 = Release|Any CPU
	EndGlobalSection
	GlobalSection(SolutionProperties) = preSolution
		HideSolutionNode = FALSE
	EndGlobalSection
	GlobalSection(ExtensibilityGlobals) = postSolution
		SolutionGuid = {5A6ECECB-B4F4-4368-849B-6207D72F8AFA}
	EndGlobalSection
EndGlobal
