
Microsoft Visual Studio Solution File, Format Version 12.00
# Visual Studio Version 16
VisualStudioVersion = 16.0.31205.134
MinimumVisualStudioVersion = 10.0.40219.1
Project("{FAE04EC0-301F-11D3-BF4B-00C04F79EFBC}") = "LeapYearCalculator", "LeapYearCalculator\LeapYearCalculator.csproj", "{D8D0646F-ABC2-4713-B7C8-69EEB3DFAA29}"
EndProject
Project("{FAE04EC0-301F-11D3-BF4B-00C04F79EFBC}") = "LeapYearCalcTest", "LeapYearCalcTest\LeapYearCalcTest.csproj", "{71119C4C-961C-44D0-85E0-B8A9CBC0F0E6}"
EndProject
Global
	GlobalSection(SolutionConfigurationPlatforms) = preSolution
		Debug|Any CPU = Debug|Any CPU
		Release|Any CPU = Release|Any CPU
	EndGlobalSection
	GlobalSection(ProjectConfigurationPlatforms) = postSolution
		{D8D0646F-ABC2-4713-B7C8-69EEB3DFAA29}.Debug|Any CPU.ActiveCfg = Debug|Any CPU
		{D8D0646F-ABC2-4713-B7C8-69EEB3DFAA29}.Debug|Any CPU.Build.0 = Debug|Any CPU
		{D8D0646F-ABC2-4713-B7C8-69EEB3DFAA29}.Release|Any CPU.ActiveCfg = Release|Any CPU
		{D8D0646F-ABC2-4713-B7C8-69EEB3DFAA29}.Release|Any CPU.Build.0 = Release|Any CPU
		{71119C4C-961C-44D0-85E0-B8A9CBC0F0E6}.Debug|Any CPU.ActiveCfg = Debug|Any CPU
		{71119C4C-961C-44D0-85E0-B8A9CBC0F0E6}.Debug|Any CPU.Build.0 = Debug|Any CPU
		{71119C4C-961C-44D0-85E0-B8A9CBC0F0E6}.Release|Any CPU.ActiveCfg = Release|Any CPU
		{71119C4C-961C-44D0-85E0-B8A9CBC0F0E6}.Release|Any CPU.Build.0 = Release|Any CPU
	EndGlobalSection
	GlobalSection(SolutionProperties) = preSolution
		HideSolutionNode = FALSE
	EndGlobalSection
	GlobalSection(ExtensibilityGlobals) = postSolution
		SolutionGuid = {00E5BA66-E22C-4C1C-915A-B87DA07A3FC1}
	EndGlobalSection
EndGlobal
